
Microsoft Visual Studio Solution File, Format Version 11.00
# Visual Studio 2010
Project("{FAE04EC0-301F-11D3-BF4B-00C04F79EFBC}") = "Assembly-CSharp", "Assembly-CSharp.csproj", "{F9749FB0-BD1A-E642-0301-ABBFA04DCC64}"
EndProject
Project("{FAE04EC0-301F-11D3-BF4B-00C04F79EFBC}") = "Assembly-CSharp-firstpass", "Assembly-CSharp-firstpass.csproj", "{D274AF75-0218-F720-5AFE-CB08DCFC7C76}"
EndProject
Project("{FAE04EC0-301F-11D3-BF4B-00C04F79EFBC}") = "Assembly-CSharp-Editor", "Assembly-CSharp-Editor.csproj", "{66C78CF0-1960-3630-12A1-C4B2A0D58261}"
EndProject
Global
	GlobalSection(SolutionConfigurationPlatforms) = preSolution
		Debug|Any CPU = Debug|Any CPU
		Release|Any CPU = Release|Any CPU
	EndGlobalSection
	GlobalSection(ProjectConfigurationPlatforms) = postSolution
		{F9749FB0-BD1A-E642-0301-ABBFA04DCC64}.Debug|Any CPU.ActiveCfg = Debug|Any CPU
		{F9749FB0-BD1A-E642-0301-ABBFA04DCC64}.Debug|Any CPU.Build.0 = Debug|Any CPU
		{F9749FB0-BD1A-E642-0301-ABBFA04DCC64}.Release|Any CPU.ActiveCfg = Release|Any CPU
		{F9749FB0-BD1A-E642-0301-ABBFA04DCC64}.Release|Any CPU.Build.0 = Release|Any CPU
		{D274AF75-0218-F720-5AFE-CB08DCFC7C76}.Debug|Any CPU.ActiveCfg = Debug|Any CPU
		{D274AF75-0218-F720-5AFE-CB08DCFC7C76}.Debug|Any CPU.Build.0 = Debug|Any CPU
		{D274AF75-0218-F720-5AFE-CB08DCFC7C76}.Release|Any CPU.ActiveCfg = Release|Any CPU
		{D274AF75-0218-F720-5AFE-CB08DCFC7C76}.Release|Any CPU.Build.0 = Release|Any CPU
		{66C78CF0-1960-3630-12A1-C4B2A0D58261}.Debug|Any CPU.ActiveCfg = Debug|Any CPU
		{66C78CF0-1960-3630-12A1-C4B2A0D58261}.Debug|Any CPU.Build.0 = Debug|Any CPU
		{66C78CF0-1960-3630-12A1-C4B2A0D58261}.Release|Any CPU.ActiveCfg = Release|Any CPU
		{66C78CF0-1960-3630-12A1-C4B2A0D58261}.Release|Any CPU.Build.0 = Release|Any CPU
	EndGlobalSection
	GlobalSection(SolutionProperties) = preSolution
		HideSolutionNode = FALSE
	EndGlobalSection
EndGlobal
